
Microsoft Visual Studio Solution File, Format Version 12.00
# Visual Studio Version 16
VisualStudioVersion = 16.0.29519.181
MinimumVisualStudioVersion = 10.0.40219.1
Project("{FAE04EC0-301F-11D3-BF4B-00C04F79EFBC}") = "SimulatorCoffeeMachine", "SimulatorCoffeeMachine\SimulatorCoffeeMachine.csproj", "{F11D42DE-EF7F-4314-8147-B06F115774FC}"
EndProject
Project("{9A19103F-16F7-4668-BE54-9A1E7A4F7556}") = "ClassLibrarySimulatorCofeeMachine", "ClassLibrarySimulatorCofeeMachine\ClassLibrarySimulatorCofeeMachine.csproj", "{D6F86572-C8BC-4F80-A706-9DA81C111DE9}"
EndProject
Global
	GlobalSection(SolutionConfigurationPlatforms) = preSolution
		Debug|Any CPU = Debug|Any CPU
		Debug|x86 = Debug|x86
		Release|Any CPU = Release|Any CPU
		Release|x86 = Release|x86
	EndGlobalSection
	GlobalSection(ProjectConfigurationPlatforms) = postSolution
		{F11D42DE-EF7F-4314-8147-B06F115774FC}.Debug|Any CPU.ActiveCfg = Debug|Any CPU
		{F11D42DE-EF7F-4314-8147-B06F115774FC}.Debug|Any CPU.Build.0 = Debug|Any CPU
		{F11D42DE-EF7F-4314-8147-B06F115774FC}.Debug|x86.ActiveCfg = Debug|Any CPU
		{F11D42DE-EF7F-4314-8147-B06F115774FC}.Debug|x86.Build.0 = Debug|Any CPU
		{F11D42DE-EF7F-4314-8147-B06F115774FC}.Release|Any CPU.ActiveCfg = Release|Any CPU
		{F11D42DE-EF7F-4314-8147-B06F115774FC}.Release|Any CPU.Build.0 = Release|Any CPU
		{F11D42DE-EF7F-4314-8147-B06F115774FC}.Release|x86.ActiveCfg = Release|Any CPU
		{F11D42DE-EF7F-4314-8147-B06F115774FC}.Release|x86.Build.0 = Release|Any CPU
		{D6F86572-C8BC-4F80-A706-9DA81C111DE9}.Debug|Any CPU.ActiveCfg = Debug|Any CPU
		{D6F86572-C8BC-4F80-A706-9DA81C111DE9}.Debug|Any CPU.Build.0 = Debug|Any CPU
		{D6F86572-C8BC-4F80-A706-9DA81C111DE9}.Debug|x86.ActiveCfg = Debug|Any CPU
		{D6F86572-C8BC-4F80-A706-9DA81C111DE9}.Debug|x86.Build.0 = Debug|Any CPU
		{D6F86572-C8BC-4F80-A706-9DA81C111DE9}.Release|Any CPU.ActiveCfg = Release|Any CPU
		{D6F86572-C8BC-4F80-A706-9DA81C111DE9}.Release|Any CPU.Build.0 = Release|Any CPU
		{D6F86572-C8BC-4F80-A706-9DA81C111DE9}.Release|x86.ActiveCfg = Release|Any CPU
		{D6F86572-C8BC-4F80-A706-9DA81C111DE9}.Release|x86.Build.0 = Release|Any CPU
	EndGlobalSection
	GlobalSection(SolutionProperties) = preSolution
		HideSolutionNode = FALSE
	EndGlobalSection
	GlobalSection(ExtensibilityGlobals) = postSolution
		SolutionGuid = {867B08E3-F9D2-4DDD-97B9-8DB9F98ABAC2}
	EndGlobalSection
EndGlobal
